{
  "name": "style",
  "lockfileVersion": 3,
  "requires": true,
  "packages": {
    "": {
      "dependencies": {
        "sass-rem": "^4.0.0"
      }
    },
    "node_modules/sass-rem": {
      "version": "4.0.0",
      "resolved": "https://registry.npmjs.org/sass-rem/-/sass-rem-4.0.0.tgz",
      "integrity": "sha512-/5fuEJ03qTxzMBa0XTXcgmThxUMlzQh8B9tyb2woobxcw6o0A9ut1W3FYCzjjMNqP9dnz9+7XQ9mMSvGwjIQUw=="
    }
  }
}
